{
  "name": "reject-app",
  "lockfileVersion": 3,
  "requires": true,
  "packages": {
    "": {
      "dependencies": {
        "@tailwindcss/typography": "^0.5.19",
        "marked": "^17.0.4",
        "tailwind-scrollbar": "^4.0.2"
      }
    },
    "node_modules/@tailwindcss/typography": {
      "version": "0.5.19",
      "resolved": "https://registry.npmjs.org/@tailwindcss/typography/-/typography-0.5.19.tgz",
      "integrity": "sha512-w31dd8HOx3k9vPtcQh5QHP9GwKcgbMp87j58qi6xgiBnFFtKEAgCWnDw4qUT8aHwkCp8bKvb/KGKWWHedP0AAg==",
      "license": "MIT",
      "dependencies": {
        "postcss-selector-parser": "6.0.10"
      },
      "peerDependencies": {
        "tailwindcss": ">=3.0.0 || insiders || >=4.0.0-alpha.20 || >=4.0.0-beta.1"
      }
    },
    "node_modules/@types/prismjs": {
      "version": "1.26.6",
      "resolved": "https://registry.npmjs.org/@types/prismjs/-/prismjs-1.26.6.tgz",
      "integrity": "sha512-vqlvI7qlMvcCBbVe0AKAb4f97//Hy0EBTaiW8AalRnG/xAN5zOiWWyrNqNXeq8+KAuvRewjCVY1+IPxk4RdNYw==",
      "license": "MIT"
    },
    "node_modules/clsx": {
      "version": "2.1.1",
      "resolved": "https://registry.npmjs.org/clsx/-/clsx-2.1.1.tgz",
      "integrity": "sha512-eYm0QWBtUrBWZWG0d386OGAw16Z995PiOVo2B7bjWSbHedGl5e0ZWaq65kOGgUSNesEIDkB9ISbTg/JK9dhCZA==",
      "license": "MIT",
      "engines": {
        "node": ">=6"
      }
    },
    "node_modules/cssesc": {
      "version": "3.0.0",
      "resolved": "https://registry.npmjs.org/cssesc/-/cssesc-3.0.0.tgz",
      "integrity": "sha512-/Tb/JcjK111nNScGob5MNtsntNM1aCNUDipB/TkwZFhyDrrE47SOx/18wF2bbjgc3ZzCSKW1T5nt5EbFoAz/Vg==",
      "license": "MIT",
      "bin": {
        "cssesc": "bin/cssesc"
      },
      "engines": {
        "node": ">=4"
      }
    },
    "node_modules/marked": {
      "version": "17.0.4",
      "resolved": "https://registry.npmjs.org/marked/-/marked-17.0.4.tgz",
      "integrity": "sha512-NOmVMM+KAokHMvjWmC5N/ZOvgmSWuqJB8FoYI019j4ogb/PeRMKoKIjReZ2w3376kkA8dSJIP8uD993Kxc0iRQ==",
      "license": "MIT",
      "bin": {
        "marked": "bin/marked.js"
      },
      "engines": {
        "node": ">= 20"
      }
    },
    "node_modules/postcss-selector-parser": {
      "version": "6.0.10",
      "resolved": "https://registry.npmjs.org/postcss-selector-parser/-/postcss-selector-parser-6.0.10.tgz",
      "integrity": "sha512-IQ7TZdoaqbT+LCpShg46jnZVlhWD2w6iQYAcYXfHARZ7X1t/UGhhceQDs5X0cGqKvYlHNOuv7Oa1xmb0oQuA3w==",
      "license": "MIT",
      "dependencies": {
        "cssesc": "^3.0.0",
        "util-deprecate": "^1.0.2"
      },
      "engines": {
        "node": ">=4"
      }
    },
    "node_modules/prism-react-renderer": {
      "version": "2.4.1",
      "resolved": "https://registry.npmjs.org/prism-react-renderer/-/prism-react-renderer-2.4.1.tgz",
      "integrity": "sha512-ey8Ls/+Di31eqzUxC46h8MksNuGx/n0AAC8uKpwFau4RPDYLuE3EXTp8N8G2vX2N7UC/+IXeNUnlWBGGcAG+Ig==",
      "license": "MIT",
      "dependencies": {
        "@types/prismjs": "^1.26.0",
        "clsx": "^2.0.0"
      },
      "peerDependencies": {
        "react": ">=16.0.0"
      }
    },
    "node_modules/react": {
      "version": "19.2.4",
      "resolved": "https://registry.npmjs.org/react/-/react-19.2.4.tgz",
      "integrity": "sha512-9nfp2hYpCwOjAN+8TZFGhtWEwgvWHXqESH8qT89AT/lWklpLON22Lc8pEtnpsZz7VmawabSU0gCjnj8aC0euHQ==",
      "license": "MIT",
      "peer": true,
      "engines": {
        "node": ">=0.10.0"
      }
    },
    "node_modules/tailwind-scrollbar": {
      "version": "4.0.2",
      "resolved": "https://registry.npmjs.org/tailwind-scrollbar/-/tailwind-scrollbar-4.0.2.tgz",
      "integrity": "sha512-wAQiIxAPqk0MNTPptVe/xoyWi27y+NRGnTwvn4PQnbvB9kp8QUBiGl/wsfoVBHnQxTmhXJSNt9NHTmcz9EivFA==",
      "license": "MIT",
      "dependencies": {
        "prism-react-renderer": "^2.4.1"
      },
      "engines": {
        "node": ">=12.13.0"
      },
      "peerDependencies": {
        "tailwindcss": "4.x"
      }
    },
    "node_modules/tailwindcss": {
      "version": "4.2.1",
      "resolved": "https://registry.npmjs.org/tailwindcss/-/tailwindcss-4.2.1.tgz",
      "integrity": "sha512-/tBrSQ36vCleJkAOsy9kbNTgaxvGbyOamC30PRePTQe/o1MFwEKHQk4Cn7BNGaPtjp+PuUrByJehM1hgxfq4sw==",
      "license": "MIT",
      "peer": true
    },
    "node_modules/util-deprecate": {
      "version": "1.0.2",
      "resolved": "https://registry.npmjs.org/util-deprecate/-/util-deprecate-1.0.2.tgz",
      "integrity": "sha512-EPD5q1uXyFxJpCrLnCc1nHnq3gOa6DZBocAIiI2TaSCA7VCJ1UJDMagCzIkXNsUYfD1daK//LTEQ8xiIbrHtcw==",
      "license": "MIT"
    }
  }
}
